<Solution>
  <Folder Name="/UsersService/">
    <Project Path="UsersService/App/App.csproj" />
    <Project Path="UsersService/Data/Data.csproj" />
    <Project Path="UsersService/Domain/Domain.csproj" />
    <Project Path="UsersService/Application/Application.csproj" />
    <Project Path="UsersService/UseCases/UseCases.csproj" />
  </Folder>
  <Project Path="OrdenTrabajoService/OrdenTrabajoService.csproj" />
  <Project Path="WebService/WebService.csproj" />
</Solution>